// !$*UTF8*$!
{
	archiveVersion = 1;
	classes = {
	};
	objectVersion = 50;
	objects = {

/* Begin PBXBuildFile section */
		946FF83C26414DD400488B8E /* AppDelegate.swift in Sources */ = {isa = PBXBuildFile; fileRef = 946FF83B26414DD400488B8E /* AppDelegate.swift */; };
		946FF83E26414DD400488B8E /* SceneDelegate.swift in Sources */ = {isa = PBXBuildFile; fileRef = 946FF83D26414DD400488B8E /* SceneDelegate.swift */; };
		946FF84026414DD400488B8E /* ViewController.swift in Sources */ = {isa = PBXBuildFile; fileRef = 946FF83F26414DD400488B8E /* ViewController.swift */; };
		946FF84326414DD400488B8E /* Main.storyboard in Resources */ = {isa = PBXBuildFile; fileRef = 946FF84126414DD400488B8E /* Main.storyboard */; };
		946FF84526414DD500488B8E /* Assets.xcassets in Resources */ = {isa = PBXBuildFile; fileRef = 946FF84426414DD500488B8E /* Assets.xcassets */; };
		946FF84826414DD500488B8E /* LaunchScreen.storyboard in Resources */ = {isa = PBXBuildFile; fileRef = 946FF84626414DD500488B8E /* LaunchScreen.storyboard */; };
		946FF85326414DD500488B8E /* DynamicHeightTests.swift in Sources */ = {isa = PBXBuildFile; fileRef = 946FF85226414DD500488B8E /* DynamicHeightTests.swift */; };
		946FF85E26414DD500488B8E /* DynamicHeightUITests.swift in Sources */ = {isa = PBXBuildFile; fileRef = 946FF85D26414DD500488B8E /* DynamicHeightUITests.swift */; };
/* End PBXBuildFile section */

/* Begin PBXContainerItemProxy section */
		946FF84F26414DD500488B8E /* PBXContainerItemProxy */ = {
			isa = PBXContainerItemProxy;
			containerPortal = 946FF83026414DD400488B8E /* Project object */;
			proxyType = 1;
			remoteGlobalIDString = 946FF83726414DD400488B8E;
			remoteInfo = DynamicHeight;
		};
		946FF85A26414DD500488B8E /* PBXContainerItemProxy */ = {
			isa = PBXContainerItemProxy;
			containerPortal = 946FF83026414DD400488B8E /* Project object */;
			proxyType = 1;
			remoteGlobalIDString = 946FF83726414DD400488B8E;
			remoteInfo = DynamicHeight;
		};
/* End PBXContainerItemProxy section */

/* Begin PBXFileReference section */
		946FF83826414DD400488B8E /* DynamicHeight.app */ = {isa = PBXFileReference; explicitFileType = wrapper.application; includeInIndex = 0; path = DynamicHeight.app; sourceTree = BUILT_PRODUCTS_DIR; };
		946FF83B26414DD400488B8E /* AppDelegate.swift */ = {isa = PBXFileReference; lastKnownFileType = sourcecode.swift; path = AppDelegate.swift; sourceTree = "<group>"; };
		946FF83D26414DD400488B8E /* SceneDelegate.swift */ = {isa = PBXFileReference; lastKnownFileType = sourcecode.swift; path = SceneDelegate.swift; sourceTree = "<group>"; };
		946FF83F26414DD400488B8E /* ViewController.swift */ = {isa = PBXFileReference; lastKnownFileType = sourcecode.swift; path = ViewController.swift; sourceTree = "<group>"; };
		946FF84226414DD400488B8E /* Base */ = {isa = PBXFileReference; lastKnownFileType = file.storyboard; name = Base; path = Base.lproj/Main.storyboard; sourceTree = "<group>"; };
		946FF84426414DD500488B8E /* Assets.xcassets */ = {isa = PBXFileReference; lastKnownFileType = folder.assetcatalog; path = Assets.xcassets; sourceTree = "<group>"; };
		946FF84726414DD500488B8E /* Base */ = {isa = PBXFileReference; lastKnownFileType = file.storyboard; name = Base; path = Base.lproj/LaunchScreen.storyboard; sourceTree = "<group>"; };
		946FF84926414DD500488B8E /* Info.plist */ = {isa = PBXFileReference; lastKnownFileType = text.plist.xml; path = Info.plist; sourceTree = "<group>"; };
		946FF84E26414DD500488B8E /* DynamicHeightTests.xctest */ = {isa = PBXFileReference; explicitFileType = wrapper.cfbundle; includeInIndex = 0; path = DynamicHeightTests.xctest; sourceTree = BUILT_PRODUCTS_DIR; };
		946FF85226414DD500488B8E /* DynamicHeightTests.swift */ = {isa = PBXFileReference; lastKnownFileType = sourcecode.swift; path = DynamicHeightTests.swift; sourceTree = "<group>"; };
		946FF85426414DD500488B8E /* Info.plist */ = {isa = PBXFileReference; lastKnownFileType = text.plist.xml; path = Info.plist; sourceTree = "<group>"; };
		946FF85926414DD500488B8E /* DynamicHeightUITests.xctest */ = {isa = PBXFileReference; explicitFileType = wrapper.cfbundle; includeInIndex = 0; path = DynamicHeightUITests.xctest; sourceTree = BUILT_PRODUCTS_DIR; };
		946FF85D26414DD500488B8E /* DynamicHeightUITests.swift */ = {isa = PBXFileReference; lastKnownFileType = sourcecode.swift; path = DynamicHeightUITests.swift; sourceTree = "<group>"; };
		946FF85F26414DD500488B8E /* Info.plist */ = {isa = PBXFileReference; lastKnownFileType = text.plist.xml; path = Info.plist; sourceTree = "<group>"; };
/* End PBXFileReference section */

/* Begin PBXFrameworksBuildPhase section */
		946FF83526414DD400488B8E /* Frameworks */ = {
			isa = PBXFrameworksBuildPhase;
			buildActionMask = 2147483647;
			files = (
			);
			runOnlyForDeploymentPostprocessing = 0;
		};
		946FF84B26414DD500488B8E /* Frameworks */ = {
			isa = PBXFrameworksBuildPhase;
			buildActionMask = 2147483647;
			files = (
			);
			runOnlyForDeploymentPostprocessing = 0;
		};
		946FF85626414DD500488B8E /* Frameworks */ = {
			isa = PBXFrameworksBuildPhase;
			buildActionMask = 2147483647;
			files = (
			);
			runOnlyForDeploymentPostprocessing = 0;
		};
/* End PBXFrameworksBuildPhase section */

/* Begin PBXGroup section */
		946FF82F26414DD400488B8E = {
			isa = PBXGroup;
			children = (
				946FF83A26414DD400488B8E /* DynamicHeight */,
				946FF85126414DD500488B8E /* DynamicHeightTests */,
				946FF85C26414DD500488B8E /* DynamicHeightUITests */,
				946FF83926414DD400488B8E /* Products */,
			);
			sourceTree = "<group>";
		};
		946FF83926414DD400488B8E /* Products */ = {
			isa = PBXGroup;
			children = (
				946FF83826414DD400488B8E /* DynamicHeight.app */,
				946FF84E26414DD500488B8E /* DynamicHeightTests.xctest */,
				946FF85926414DD500488B8E /* DynamicHeightUITests.xctest */,
			);
			name = Products;
			sourceTree = "<group>";
		};
		946FF83A26414DD400488B8E /* DynamicHeight */ = {
			isa = PBXGroup;
			children = (
				946FF83B26414DD400488B8E /* AppDelegate.swift */,
				946FF83D26414DD400488B8E /* SceneDelegate.swift */,
				946FF83F26414DD400488B8E /* ViewController.swift */,
				946FF84126414DD400488B8E /* Main.storyboard */,
				946FF84426414DD500488B8E /* Assets.xcassets */,
				946FF84626414DD500488B8E /* LaunchScreen.storyboard */,
				946FF84926414DD500488B8E /* Info.plist */,
			);
			path = DynamicHeight;
			sourceTree = "<group>";
		};
		946FF85126414DD500488B8E /* DynamicHeightTests */ = {
			isa = PBXGroup;
			children = (
				946FF85226414DD500488B8E /* DynamicHeightTests.swift */,
				946FF85426414DD500488B8E /* Info.plist */,
			);
			path = DynamicHeightTests;
			sourceTree = "<group>";
		};
		946FF85C26414DD500488B8E /* DynamicHeightUITests */ = {
			isa = PBXGroup;
			children = (
				946FF85D26414DD500488B8E /* DynamicHeightUITests.swift */,
				946FF85F26414DD500488B8E /* Info.plist */,
			);
			path = DynamicHeightUITests;
			sourceTree = "<group>";
		};
/* End PBXGroup section */

/* Begin PBXNativeTarget section */
		946FF83726414DD400488B8E /* DynamicHeight */ = {
			isa = PBXNativeTarget;
			buildConfigurationList = 946FF86226414DD500488B8E /* Build configuration list for PBXNativeTarget "DynamicHeight" */;
			buildPhases = (
				946FF83426414DD400488B8E /* Sources */,
				946FF83526414DD400488B8E /* Frameworks */,
				946FF83626414DD400488B8E /* Resources */,
			);
			buildRules = (
			);
			dependencies = (
			);
			name = DynamicHeight;
			productName = DynamicHeight;
			productReference = 946FF83826414DD400488B8E /* DynamicHeight.app */;
			productType = "com.apple.product-type.application";
		};
		946FF84D26414DD500488B8E /* DynamicHeightTests */ = {
			isa = PBXNativeTarget;
			buildConfigurationList = 946FF86526414DD500488B8E /* Build configuration list for PBXNativeTarget "DynamicHeightTests" */;
			buildPhases = (
				946FF84A26414DD500488B8E /* Sources */,
				946FF84B26414DD500488B8E /* Frameworks */,
				946FF84C26414DD500488B8E /* Resources */,
			);
			buildRules = (
			);
			dependencies = (
				946FF85026414DD500488B8E /* PBXTargetDependency */,
			);
			name = DynamicHeightTests;
			productName = DynamicHeightTests;
			productReference = 946FF84E26414DD500488B8E /* DynamicHeightTests.xctest */;
			productType = "com.apple.product-type.bundle.unit-test";
		};
		946FF85826414DD500488B8E /* DynamicHeightUITests */ = {
			isa = PBXNativeTarget;
			buildConfigurationList = 946FF86826414DD500488B8E /* Build configuration list for PBXNativeTarget "DynamicHeightUITests" */;
			buildPhases = (
				946FF85526414DD500488B8E /* Sources */,
				946FF85626414DD500488B8E /* Frameworks */,
				946FF85726414DD500488B8E /* Resources */,
			);
			buildRules = (
			);
			dependencies = (
				946FF85B26414DD500488B8E /* PBXTargetDependency */,
			);
			name = DynamicHeightUITests;
			productName = DynamicHeightUITests;
			productReference = 946FF85926414DD500488B8E /* DynamicHeightUITests.xctest */;
			productType = "com.apple.product-type.bundle.ui-testing";
		};
/* End PBXNativeTarget section */

/* Begin PBXProject section */
		946FF83026414DD400488B8E /* Project object */ = {
			isa = PBXProject;
			attributes = {
				LastSwiftUpdateCheck = 1250;
				LastUpgradeCheck = 1250;
				TargetAttributes = {
					946FF83726414DD400488B8E = {
						CreatedOnToolsVersion = 12.5;
					};
					946FF84D26414DD500488B8E = {
						CreatedOnToolsVersion = 12.5;
						TestTargetID = 946FF83726414DD400488B8E;
					};
					946FF85826414DD500488B8E = {
						CreatedOnToolsVersion = 12.5;
						TestTargetID = 946FF83726414DD400488B8E;
					};
				};
			};
			buildConfigurationList = 946FF83326414DD400488B8E /* Build configuration list for PBXProject "DynamicHeight" */;
			compatibilityVersion = "Xcode 9.3";
			developmentRegion = en;
			hasScannedForEncodings = 0;
			knownRegions = (
				en,
				Base,
			);
			mainGroup = 946FF82F26414DD400488B8E;
			productRefGroup = 946FF83926414DD400488B8E /* Products */;
			projectDirPath = "";
			projectRoot = "";
			targets = (
				946FF83726414DD400488B8E /* DynamicHeight */,
				946FF84D26414DD500488B8E /* DynamicHeightTests */,
				946FF85826414DD500488B8E /* DynamicHeightUITests */,
			);
		};
/* End PBXProject section */

/* Begin PBXResourcesBuildPhase section */
		946FF83626414DD400488B8E /* Resources */ = {
			isa = PBXResourcesBuildPhase;
			buildActionMask = 2147483647;
			files = (
				946FF84826414DD500488B8E /* LaunchScreen.storyboard in Resources */,
				946FF84526414DD500488B8E /* Assets.xcassets in Resources */,
				946FF84326414DD400488B8E /* Main.storyboard in Resources */,
			);
			runOnlyForDeploymentPostprocessing = 0;
		};
		946FF84C26414DD500488B8E /* Resources */ = {
			isa = PBXResourcesBuildPhase;
			buildActionMask = 2147483647;
			files = (
			);
			runOnlyForDeploymentPostprocessing = 0;
		};
		946FF85726414DD500488B8E /* Resources */ = {
			isa = PBXResourcesBuildPhase;
			buildActionMask = 2147483647;
			files = (
			);
			runOnlyForDeploymentPostprocessing = 0;
		};
/* End PBXResourcesBuildPhase section */

/* Begin PBXSourcesBuildPhase section */
		946FF83426414DD400488B8E /* Sources */ = {
			isa = PBXSourcesBuildPhase;
			buildActionMask = 2147483647;
			files = (
				946FF84026414DD400488B8E /* ViewController.swift in Sources */,
				946FF83C26414DD400488B8E /* AppDelegate.swift in Sources */,
				946FF83E26414DD400488B8E /* SceneDelegate.swift in Sources */,
			);
			runOnlyForDeploymentPostprocessing = 0;
		};
		946FF84A26414DD500488B8E /* Sources */ = {
			isa = PBXSourcesBuildPhase;
			buildActionMask = 2147483647;
			files = (
				946FF85326414DD500488B8E /* DynamicHeightTests.swift in Sources */,
			);
			runOnlyForDeploymentPostprocessing = 0;
		};
		946FF85526414DD500488B8E /* Sources */ = {
			isa = PBXSourcesBuildPhase;
			buildActionMask = 2147483647;
			files = (
				946FF85E26414DD500488B8E /* DynamicHeightUITests.swift in Sources */,
			);
			runOnlyForDeploymentPostprocessing = 0;
		};
/* End PBXSourcesBuildPhase section */

/* Begin PBXTargetDependency section */
		946FF85026414DD500488B8E /* PBXTargetDependency */ = {
			isa = PBXTargetDependency;
			target = 946FF83726414DD400488B8E /* DynamicHeight */;
			targetProxy = 946FF84F26414DD500488B8E /* PBXContainerItemProxy */;
		};
		946FF85B26414DD500488B8E /* PBXTargetDependency */ = {
			isa = PBXTargetDependency;
			target = 946FF83726414DD400488B8E /* DynamicHeight */;
			targetProxy = 946FF85A26414DD500488B8E /* PBXContainerItemProxy */;
		};
/* End PBXTargetDependency section */

/* Begin PBXVariantGroup section */
		946FF84126414DD400488B8E /* Main.storyboard */ = {
			isa = PBXVariantGroup;
			children = (
				946FF84226414DD400488B8E /* Base */,
			);
			name = Main.storyboard;
			sourceTree = "<group>";
		};
		946FF84626414DD500488B8E /* LaunchScreen.storyboard */ = {
			isa = PBXVariantGroup;
			children = (
				946FF84726414DD500488B8E /* Base */,
			);
			name = LaunchScreen.storyboard;
			sourceTree = "<group>";
		};
/* End PBXVariantGroup section */

/* Begin XCBuildConfiguration section */
		946FF86026414DD500488B8E /* Debug */ = {
			isa = XCBuildConfiguration;
			buildSettings = {
				ALWAYS_SEARCH_USER_PATHS = NO;
				CLANG_ANALYZER_NONNULL = YES;
				CLANG_ANALYZER_NUMBER_OBJECT_CONVERSION = YES_AGGRESSIVE;
				CLANG_CXX_LANGUAGE_STANDARD = "gnu++14";
				CLANG_CXX_LIBRARY = "libc++";
				CLANG_ENABLE_MODULES = YES;
				CLANG_ENABLE_OBJC_ARC = YES;
				CLANG_ENABLE_OBJC_WEAK = YES;
				CLANG_WARN_BLOCK_CAPTURE_AUTORELEASING = YES;
				CLANG_WARN_BOOL_CONVERSION = YES;
				CLANG_WARN_COMMA = YES;
				CLANG_WARN_CONSTANT_CONVERSION = YES;
				CLANG_WARN_DEPRECATED_OBJC_IMPLEMENTATIONS = YES;
				CLANG_WARN_DIRECT_OBJC_ISA_USAGE = YES_ERROR;
				CLANG_WARN_DOCUMENTATION_COMMENTS = YES;
				CLANG_WARN_EMPTY_BODY = YES;
				CLANG_WARN_ENUM_CONVERSION = YES;
				CLANG_WARN_INFINITE_RECURSION = YES;
				CLANG_WARN_INT_CONVERSION = YES;
				CLANG_WARN_NON_LITERAL_NULL_CONVERSION = YES;
				CLANG_WARN_OBJC_IMPLICIT_RETAIN_SELF = YES;
				CLANG_WARN_OBJC_LITERAL_CONVERSION = YES;
				CLANG_WARN_OBJC_ROOT_CLASS = YES_ERROR;
				CLANG_WARN_QUOTED_INCLUDE_IN_FRAMEWORK_HEADER = YES;
				CLANG_WARN_RANGE_LOOP_ANALYSIS = YES;
				CLANG_WARN_STRICT_PROTOTYPES = YES;
				CLANG_WARN_SUSPICIOUS_MOVE = YES;
				CLANG_WARN_UNGUARDED_AVAILABILITY = YES_AGGRESSIVE;
				CLANG_WARN_UNREACHABLE_CODE = YES;
				CLANG_WARN__DUPLICATE_METHOD_MATCH = YES;
				COPY_PHASE_STRIP = NO;
				DEBUG_INFORMATION_FORMAT = dwarf;
				ENABLE_STRICT_OBJC_MSGSEND = YES;
				ENABLE_TESTABILITY = YES;
				GCC_C_LANGUAGE_STANDARD = gnu11;
				GCC_DYNAMIC_NO_PIC = NO;
				GCC_NO_COMMON_BLOCKS = YES;
				GCC_OPTIMIZATION_LEVEL = 0;
				GCC_PREPROCESSOR_DEFINITIONS = (
					"DEBUG=1",
					"$(inherited)",
				);
				GCC_WARN_64_TO_32_BIT_CONVERSION = YES;
				GCC_WARN_ABOUT_RETURN_TYPE = YES_ERROR;
				GCC_WARN_UNDECLARED_SELECTOR = YES;
				GCC_WARN_UNINITIALIZED_AUTOS = YES_AGGRESSIVE;
				GCC_WARN_UNUSED_FUNCTION = YES;
				GCC_WARN_UNUSED_VARIABLE = YES;
				IPHONEOS_DEPLOYMENT_TARGET = 14.5;
				MTL_ENABLE_DEBUG_INFO = INCLUDE_SOURCE;
				MTL_FAST_MATH = YES;
				ONLY_ACTIVE_ARCH = YES;
				SDKROOT = iphoneos;
				SWIFT_ACTIVE_COMPILATION_CONDITIONS = DEBUG;
				SWIFT_OPTIMIZATION_LEVEL = "-Onone";
			};
			name = Debug;
		};
		946FF86126414DD500488B8E /* Release */ = {
			isa = XCBuildConfiguration;
			buildSettings = {
				ALWAYS_SEARCH_USER_PATHS = NO;
				CLANG_ANALYZER_NONNULL = YES;
				CLANG_ANALYZER_NUMBER_OBJECT_CONVERSION = YES_AGGRESSIVE;
				CLANG_CXX_LANGUAGE_STANDARD = "gnu++14";
				CLANG_CXX_LIBRARY = "libc++";
				CLANG_ENABLE_MODULES = YES;
				CLANG_ENABLE_OBJC_ARC = YES;
				CLANG_ENABLE_OBJC_WEAK = YES;
				CLANG_WARN_BLOCK_CAPTURE_AUTORELEASING = YES;
				CLANG_WARN_BOOL_CONVERSION = YES;
				CLANG_WARN_COMMA = YES;
				CLANG_WARN_CONSTANT_CONVERSION = YES;
				CLANG_WARN_DEPRECATED_OBJC_IMPLEMENTATIONS = YES;
				CLANG_WARN_DIRECT_OBJC_ISA_USAGE = YES_ERROR;
				CLANG_WARN_DOCUMENTATION_COMMENTS = YES;
				CLANG_WARN_EMPTY_BODY = YES;
				CLANG_WARN_ENUM_CONVERSION = YES;
				CLANG_WARN_INFINITE_RECURSION = YES;
				CLANG_WARN_INT_CONVERSION = YES;
				CLANG_WARN_NON_LITERAL_NULL_CONVERSION = YES;
				CLANG_WARN_OBJC_IMPLICIT_RETAIN_SELF = YES;
				CLANG_WARN_OBJC_LITERAL_CONVERSION = YES;
				CLANG_WARN_OBJC_ROOT_CLASS = YES_ERROR;
				CLANG_WARN_QUOTED_INCLUDE_IN_FRAMEWORK_HEADER = YES;
				CLANG_WARN_RANGE_LOOP_ANALYSIS = YES;
				CLANG_WARN_STRICT_PROTOTYPES = YES;
				CLANG_WARN_SUSPICIOUS_MOVE = YES;
				CLANG_WARN_UNGUARDED_AVAILABILITY = YES_AGGRESSIVE;
				CLANG_WARN_UNREACHABLE_CODE = YES;
				CLANG_WARN__DUPLICATE_METHOD_MATCH = YES;
				COPY_PHASE_STRIP = NO;
				DEBUG_INFORMATION_FORMAT = "dwarf-with-dsym";
				ENABLE_NS_ASSERTIONS = NO;
				ENABLE_STRICT_OBJC_MSGSEND = YES;
				GCC_C_LANGUAGE_STANDARD = gnu11;
				GCC_NO_COMMON_BLOCKS = YES;
				GCC_WARN_64_TO_32_BIT_CONVERSION = YES;
				GCC_WARN_ABOUT_RETURN_TYPE = YES_ERROR;
				GCC_WARN_UNDECLARED_SELECTOR = YES;
				GCC_WARN_UNINITIALIZED_AUTOS = YES_AGGRESSIVE;
				GCC_WARN_UNUSED_FUNCTION = YES;
				GCC_WARN_UNUSED_VARIABLE = YES;
				IPHONEOS_DEPLOYMENT_TARGET = 14.5;
				MTL_ENABLE_DEBUG_INFO = NO;
				MTL_FAST_MATH = YES;
				SDKROOT = iphoneos;
				SWIFT_COMPILATION_MODE = wholemodule;
				SWIFT_OPTIMIZATION_LEVEL = "-O";
				VALIDATE_PRODUCT = YES;
			};
			name = Release;
		};
		946FF86326414DD500488B8E /* Debug */ = {
			isa = XCBuildConfiguration;
			buildSettings = {
				ASSETCATALOG_COMPILER_APPICON_NAME = AppIcon;
				ASSETCATALOG_COMPILER_GLOBAL_ACCENT_COLOR_NAME = AccentColor;
				CODE_SIGN_STYLE = Automatic;
				DEVELOPMENT_TEAM = C98APEMDUR;
				INFOPLIST_FILE = DynamicHeight/Info.plist;
				LD_RUNPATH_SEARCH_PATHS = (
					"$(inherited)",
					"@executable_path/Frameworks",
				);
				PRODUCT_BUNDLE_IDENTIFIER = com.joonwon.DynamicHeight;
				PRODUCT_NAME = "$(TARGET_NAME)";
				SWIFT_VERSION = 5.0;
				TARGETED_DEVICE_FAMILY = "1,2";
			};
			name = Debug;
		};
		946FF86426414DD500488B8E /* Release */ = {
			isa = XCBuildConfiguration;
			buildSettings = {
				ASSETCATALOG_COMPILER_APPICON_NAME = AppIcon;
				ASSETCATALOG_COMPILER_GLOBAL_ACCENT_COLOR_NAME = AccentColor;
				CODE_SIGN_STYLE = Automatic;
				DEVELOPMENT_TEAM = C98APEMDUR;
				INFOPLIST_FILE = DynamicHeight/Info.plist;
				LD_RUNPATH_SEARCH_PATHS = (
					"$(inherited)",
					"@executable_path/Frameworks",
				);
				PRODUCT_BUNDLE_IDENTIFIER = com.joonwon.DynamicHeight;
				PRODUCT_NAME = "$(TARGET_NAME)";
				SWIFT_VERSION = 5.0;
				TARGETED_DEVICE_FAMILY = "1,2";
			};
			name = Release;
		};
		946FF86626414DD500488B8E /* Debug */ = {
			isa = XCBuildConfiguration;
			buildSettings = {
				ALWAYS_EMBED_SWIFT_STANDARD_LIBRARIES = YES;
				BUNDLE_LOADER = "$(TEST_HOST)";
				CODE_SIGN_STYLE = Automatic;
				DEVELOPMENT_TEAM = C98APEMDUR;
				INFOPLIST_FILE = DynamicHeightTests/Info.plist;
				IPHONEOS_DEPLOYMENT_TARGET = 14.5;
				LD_RUNPATH_SEARCH_PATHS = (
					"$(inherited)",
					"@executable_path/Frameworks",
					"@loader_path/Frameworks",
				);
				PRODUCT_BUNDLE_IDENTIFIER = com.joonwon.DynamicHeightTests;
				PRODUCT_NAME = "$(TARGET_NAME)";
				SWIFT_VERSION = 5.0;
				TARGETED_DEVICE_FAMILY = "1,2";
				TEST_HOST = "$(BUILT_PRODUCTS_DIR)/DynamicHeight.app/DynamicHeight";
			};
			name = Debug;
		};
		946FF86726414DD500488B8E /* Release */ = {
			isa = XCBuildConfiguration;
			buildSettings = {
				ALWAYS_EMBED_SWIFT_STANDARD_LIBRARIES = YES;
				BUNDLE_LOADER = "$(TEST_HOST)";
				CODE_SIGN_STYLE = Automatic;
				DEVELOPMENT_TEAM = C98APEMDUR;
				INFOPLIST_FILE = DynamicHeightTests/Info.plist;
				IPHONEOS_DEPLOYMENT_TARGET = 14.5;
				LD_RUNPATH_SEARCH_PATHS = (
					"$(inherited)",
					"@executable_path/Frameworks",
					"@loader_path/Frameworks",
				);
				PRODUCT_BUNDLE_IDENTIFIER = com.joonwon.DynamicHeightTests;
				PRODUCT_NAME = "$(TARGET_NAME)";
				SWIFT_VERSION = 5.0;
				TARGETED_DEVICE_FAMILY = "1,2";
				TEST_HOST = "$(BUILT_PRODUCTS_DIR)/DynamicHeight.app/DynamicHeight";
			};
			name = Release;
		};
		946FF86926414DD500488B8E /* Debug */ = {
			isa = XCBuildConfiguration;
			buildSettings = {
				ALWAYS_EMBED_SWIFT_STANDARD_LIBRARIES = YES;
				CODE_SIGN_STYLE = Automatic;
				DEVELOPMENT_TEAM = C98APEMDUR;
				INFOPLIST_FILE = DynamicHeightUITests/Info.plist;
				LD_RUNPATH_SEARCH_PATHS = (
					"$(inherited)",
					"@executable_path/Frameworks",
					"@loader_path/Frameworks",
				);
				PRODUCT_BUNDLE_IDENTIFIER = com.joonwon.DynamicHeightUITests;
				PRODUCT_NAME = "$(TARGET_NAME)";
				SWIFT_VERSION = 5.0;
				TARGETED_DEVICE_FAMILY = "1,2";
				TEST_TARGET_NAME = DynamicHeight;
			};
			name = Debug;
		};
		946FF86A26414DD500488B8E /* Release */ = {
			isa = XCBuildConfiguration;
			buildSettings = {
				ALWAYS_EMBED_SWIFT_STANDARD_LIBRARIES = YES;
				CODE_SIGN_STYLE = Automatic;
				DEVELOPMENT_TEAM = C98APEMDUR;
				INFOPLIST_FILE = DynamicHeightUITests/Info.plist;
				LD_RUNPATH_SEARCH_PATHS = (
					"$(inherited)",
					"@executable_path/Frameworks",
					"@loader_path/Frameworks",
				);
				PRODUCT_BUNDLE_IDENTIFIER = com.joonwon.DynamicHeightUITests;
				PRODUCT_NAME = "$(TARGET_NAME)";
				SWIFT_VERSION = 5.0;
				TARGETED_DEVICE_FAMILY = "1,2";
				TEST_TARGET_NAME = DynamicHeight;
			};
			name = Release;
		};
/* End XCBuildConfiguration section */

/* Begin XCConfigurationList section */
		946FF83326414DD400488B8E /* Build configuration list for PBXProject "DynamicHeight" */ = {
			isa = XCConfigurationList;
			buildConfigurations = (
				946FF86026414DD500488B8E /* Debug */,
				946FF86126414DD500488B8E /* Release */,
			);
			defaultConfigurationIsVisible = 0;
			defaultConfigurationName = Release;
		};
		946FF86226414DD500488B8E /* Build configuration list for PBXNativeTarget "DynamicHeight" */ = {
			isa = XCConfigurationList;
			buildConfigurations = (
				946FF86326414DD500488B8E /* Debug */,
				946FF86426414DD500488B8E /* Release */,
			);
			defaultConfigurationIsVisible = 0;
			defaultConfigurationName = Release;
		};
		946FF86526414DD500488B8E /* Build configuration list for PBXNativeTarget "DynamicHeightTests" */ = {
			isa = XCConfigurationList;
			buildConfigurations = (
				946FF86626414DD500488B8E /* Debug */,
				946FF86726414DD500488B8E /* Release */,
			);
			defaultConfigurationIsVisible = 0;
			defaultConfigurationName = Release;
		};
		946FF86826414DD500488B8E /* Build configuration list for PBXNativeTarget "DynamicHeightUITests" */ = {
			isa = XCConfigurationList;
			buildConfigurations = (
				946FF86926414DD500488B8E /* Debug */,
				946FF86A26414DD500488B8E /* Release */,
			);
			defaultConfigurationIsVisible = 0;
			defaultConfigurationName = Release;
		};
/* End XCConfigurationList section */
	};
	rootObject = 946FF83026414DD400488B8E /* Project object */;
}
